
Microsoft Visual Studio Solution File, Format Version 12.00
# Visual Studio Version 17
VisualStudioVersion = 17.6.33723.286
MinimumVisualStudioVersion = 10.0.40219.1
Project("{9A19103F-16F7-4668-BE54-9A1E7A4F7556}") = "ZLDF.App", "ZLDF.App\ZLDF.App.csproj", "{312E24F0-4A6E-4682-A5BE-02B029BD2E74}"
EndProject
Project("{9A19103F-16F7-4668-BE54-9A1E7A4F7556}") = "ZLDF.MainHost", "ZLDF.MainHost\ZLDF.MainHost.csproj", "{BF1959EE-1634-4928-A49A-97FF68C1D975}"
EndProject
Project("{9A19103F-16F7-4668-BE54-9A1E7A4F7556}") = "ZLDF.Scoreboard", "ZLDF.Scoreboard\ZLDF.Scoreboard.csproj", "{3CC463BF-441C-43F8-9902-F64426E9FA0E}"
EndProject
Project("{9A19103F-16F7-4668-BE54-9A1E7A4F7556}") = "ZLDF.Core", "ZLDF.Core\ZLDF.Core.csproj", "{63B404A7-2CB9-4A70-B94C-21E350AF49A7}"
EndProject
Project("{9A19103F-16F7-4668-BE54-9A1E7A4F7556}") = "ZLDF.WPF", "ZLDF.WPF\ZLDF.WPF.csproj", "{8236F9AC-6768-46BC-BCA6-EE7B42D124CE}"
EndProject
Project("{FAE04EC0-301F-11D3-BF4B-00C04F79EFBC}") = "ZLDF.Temp", "ZLDF.Temp\ZLDF.Temp.csproj", "{7798C426-4774-45B2-8ACC-BDECB93A038A}"
EndProject
Project("{FAE04EC0-301F-11D3-BF4B-00C04F79EFBC}") = "ZLDF.DataAccess", "ZLDF.DataAccess\ZLDF.DataAccess.csproj", "{9F99A52B-98DC-40CC-88B4-23D7D7A18FBD}"
EndProject
Project("{FAE04EC0-301F-11D3-BF4B-00C04F79EFBC}") = "ZLDF.Registration", "ZLDF.Registration\ZLDF.Registration.csproj", "{2B7BDE01-F4DF-4357-86EF-CBC4D353C44E}"
EndProject
Global
	GlobalSection(SolutionConfigurationPlatforms) = preSolution
		Debug|Any CPU = Debug|Any CPU
		Release|Any CPU = Release|Any CPU
	EndGlobalSection
	GlobalSection(ProjectConfigurationPlatforms) = postSolution
		{312E24F0-4A6E-4682-A5BE-02B029BD2E74}.Debug|Any CPU.ActiveCfg = Debug|Any CPU
		{312E24F0-4A6E-4682-A5BE-02B029BD2E74}.Debug|Any CPU.Build.0 = Debug|Any CPU
		{312E24F0-4A6E-4682-A5BE-02B029BD2E74}.Release|Any CPU.ActiveCfg = Release|Any CPU
		{312E24F0-4A6E-4682-A5BE-02B029BD2E74}.Release|Any CPU.Build.0 = Release|Any CPU
		{BF1959EE-1634-4928-A49A-97FF68C1D975}.Debug|Any CPU.ActiveCfg = Debug|Any CPU
		{BF1959EE-1634-4928-A49A-97FF68C1D975}.Debug|Any CPU.Build.0 = Debug|Any CPU
		{BF1959EE-1634-4928-A49A-97FF68C1D975}.Release|Any CPU.ActiveCfg = Release|Any CPU
		{BF1959EE-1634-4928-A49A-97FF68C1D975}.Release|Any CPU.Build.0 = Release|Any CPU
		{3CC463BF-441C-43F8-9902-F64426E9FA0E}.Debug|Any CPU.ActiveCfg = Debug|Any CPU
		{3CC463BF-441C-43F8-9902-F64426E9FA0E}.Debug|Any CPU.Build.0 = Debug|Any CPU
		{3CC463BF-441C-43F8-9902-F64426E9FA0E}.Release|Any CPU.ActiveCfg = Release|Any CPU
		{3CC463BF-441C-43F8-9902-F64426E9FA0E}.Release|Any CPU.Build.0 = Release|Any CPU
		{63B404A7-2CB9-4A70-B94C-21E350AF49A7}.Debug|Any CPU.ActiveCfg = Debug|Any CPU
		{63B404A7-2CB9-4A70-B94C-21E350AF49A7}.Debug|Any CPU.Build.0 = Debug|Any CPU
		{63B404A7-2CB9-4A70-B94C-21E350AF49A7}.Release|Any CPU.ActiveCfg = Release|Any CPU
		{63B404A7-2CB9-4A70-B94C-21E350AF49A7}.Release|Any CPU.Build.0 = Release|Any CPU
		{8236F9AC-6768-46BC-BCA6-EE7B42D124CE}.Debug|Any CPU.ActiveCfg = Debug|Any CPU
		{8236F9AC-6768-46BC-BCA6-EE7B42D124CE}.Debug|Any CPU.Build.0 = Debug|Any CPU
		{8236F9AC-6768-46BC-BCA6-EE7B42D124CE}.Release|Any CPU.ActiveCfg = Release|Any CPU
		{8236F9AC-6768-46BC-BCA6-EE7B42D124CE}.Release|Any CPU.Build.0 = Release|Any CPU
		{7798C426-4774-45B2-8ACC-BDECB93A038A}.Debug|Any CPU.ActiveCfg = Debug|Any CPU
		{7798C426-4774-45B2-8ACC-BDECB93A038A}.Debug|Any CPU.Build.0 = Debug|Any CPU
		{7798C426-4774-45B2-8ACC-BDECB93A038A}.Release|Any CPU.ActiveCfg = Release|Any CPU
		{7798C426-4774-45B2-8ACC-BDECB93A038A}.Release|Any CPU.Build.0 = Release|Any CPU
		{9F99A52B-98DC-40CC-88B4-23D7D7A18FBD}.Debug|Any CPU.ActiveCfg = Debug|Any CPU
		{9F99A52B-98DC-40CC-88B4-23D7D7A18FBD}.Debug|Any CPU.Build.0 = Debug|Any CPU
		{9F99A52B-98DC-40CC-88B4-23D7D7A18FBD}.Release|Any CPU.ActiveCfg = Release|Any CPU
		{9F99A52B-98DC-40CC-88B4-23D7D7A18FBD}.Release|Any CPU.Build.0 = Release|Any CPU
		{2B7BDE01-F4DF-4357-86EF-CBC4D353C44E}.Debug|Any CPU.ActiveCfg = Debug|Any CPU
		{2B7BDE01-F4DF-4357-86EF-CBC4D353C44E}.Debug|Any CPU.Build.0 = Debug|Any CPU
		{2B7BDE01-F4DF-4357-86EF-CBC4D353C44E}.Release|Any CPU.ActiveCfg = Release|Any CPU
		{2B7BDE01-F4DF-4357-86EF-CBC4D353C44E}.Release|Any CPU.Build.0 = Release|Any CPU
	EndGlobalSection
	GlobalSection(SolutionProperties) = preSolution
		HideSolutionNode = FALSE
	EndGlobalSection
	GlobalSection(ExtensibilityGlobals) = postSolution
		SolutionGuid = {7F983680-5DB4-4922-93B1-3E0F0FAFCFD4}
	EndGlobalSection
EndGlobal
