
Microsoft Visual Studio Solution File, Format Version 12.00
# Visual Studio Version 17
VisualStudioVersion = 17.0.31903.59
MinimumVisualStudioVersion = 10.0.40219.1
Project("{9A19103F-16F7-4668-BE54-9A1E7A4F7556}") = "ZLDF_MainHost", "ZLDF_MainHost\ZLDF_MainHost.csproj", "{83034AE1-F07E-4B46-A2FB-4354AA14DEE6}"
EndProject
Project("{9A19103F-16F7-4668-BE54-9A1E7A4F7556}") = "ZLDF_Classes", "ZLDF_Classes\ZLDF_Classes.csproj", "{E8CF0509-2114-4CDC-8963-EFB886A3FBD1}"
EndProject
Project("{FAE04EC0-301F-11D3-BF4B-00C04F79EFBC}") = "ZLDF_Scoreboard", "ZLDF_Scoreboard\ZLDF_Scoreboard.csproj", "{70E065F6-D925-4528-AE02-9CE07F479EC8}"
	ProjectSection(ProjectDependencies) = postProject
		{E8CF0509-2114-4CDC-8963-EFB886A3FBD1} = {E8CF0509-2114-4CDC-8963-EFB886A3FBD1}
	EndProjectSection
EndProject
Global
	GlobalSection(SolutionConfigurationPlatforms) = preSolution
		Debug|Any CPU = Debug|Any CPU
		Release|Any CPU = Release|Any CPU
	EndGlobalSection
	GlobalSection(ProjectConfigurationPlatforms) = postSolution
		{83034AE1-F07E-4B46-A2FB-4354AA14DEE6}.Debug|Any CPU.ActiveCfg = Debug|Any CPU
		{83034AE1-F07E-4B46-A2FB-4354AA14DEE6}.Debug|Any CPU.Build.0 = Debug|Any CPU
		{83034AE1-F07E-4B46-A2FB-4354AA14DEE6}.Release|Any CPU.ActiveCfg = Release|Any CPU
		{83034AE1-F07E-4B46-A2FB-4354AA14DEE6}.Release|Any CPU.Build.0 = Release|Any CPU
		{E8CF0509-2114-4CDC-8963-EFB886A3FBD1}.Debug|Any CPU.ActiveCfg = Debug|Any CPU
		{E8CF0509-2114-4CDC-8963-EFB886A3FBD1}.Debug|Any CPU.Build.0 = Debug|Any CPU
		{E8CF0509-2114-4CDC-8963-EFB886A3FBD1}.Release|Any CPU.ActiveCfg = Release|Any CPU
		{E8CF0509-2114-4CDC-8963-EFB886A3FBD1}.Release|Any CPU.Build.0 = Release|Any CPU
		{70E065F6-D925-4528-AE02-9CE07F479EC8}.Debug|Any CPU.ActiveCfg = Debug|Any CPU
		{70E065F6-D925-4528-AE02-9CE07F479EC8}.Debug|Any CPU.Build.0 = Debug|Any CPU
		{70E065F6-D925-4528-AE02-9CE07F479EC8}.Release|Any CPU.ActiveCfg = Release|Any CPU
		{70E065F6-D925-4528-AE02-9CE07F479EC8}.Release|Any CPU.Build.0 = Release|Any CPU
	EndGlobalSection
	GlobalSection(SolutionProperties) = preSolution
		HideSolutionNode = FALSE
	EndGlobalSection
	GlobalSection(ExtensibilityGlobals) = postSolution
		SolutionGuid = {A94E485C-B138-4620-BE60-1BE68D7B75DA}
	EndGlobalSection
EndGlobal
